{
  "pins" : [
    {
      "identity" : "litext",
      "kind" : "remoteSourceControl",
      "location" : "https://github.com/Lakr233/Litext",
      "state" : {
        "revision" : "b7900007258b4e48887209e29316d8104ef6dc98",
        "version" : "1.0.0"
      }
    },
    {
      "identity" : "markdown_core",
      "kind" : "remoteSourceControl",
      "location" : "https://github.com/Lakr233/markdown_core",
      "state" : {
        "revision" : "cb38a2ae07f33c06a7a5972ae223f19bf6343119",
        "version" : "0.1.2"
      }
    },
    {
      "identity" : "splash",
      "kind" : "remoteSourceControl",
      "location" : "https://github.com/Lakr233/Splash",
      "state" : {
        "revision" : "4d997712fe07f75695aacdf287aeb3b1f2c6ab88",
        "version" : "0.17.0"
      }
    },
    {
      "identity" : "swift-collections",
      "kind" : "remoteSourceControl",
      "location" : "https://github.com/apple/swift-collections",
      "state" : {
        "revision" : "c1805596154bb3a265fd91b8ac0c4433b4348fb0",
        "version" : "1.2.0"
      }
    }
  ],
  "version" : 2
}
